
Microsoft Visual Studio Solution File, Format Version 12.00
# Visual Studio Version 17
VisualStudioVersion = 17.0.31903.59
MinimumVisualStudioVersion = 10.0.40219.1
Project("{FAE04EC0-301F-11D3-BF4B-00C04F79EFBC}") = "Lakerfield.Rpc", "src\Lakerfield.Rpc\Lakerfield.Rpc.csproj", "{C79F2FF1-BD8A-41BF-9CDB-FAFB69984B0B}"
EndProject
Project("{FAE04EC0-301F-11D3-BF4B-00C04F79EFBC}") = "Lakerfield.Rpc.SourceGenerator", "src\Lakerfield.Rpc.SourceGenerator\Lakerfield.Rpc.SourceGenerator.csproj", "{F671B3B6-5009-4F8D-B516-C60CC17EC95D}"
EndProject
Project("{FAE04EC0-301F-11D3-BF4B-00C04F79EFBC}") = "Lakerfield.Rpc.Server", "src\Lakerfield.Rpc.Server\Lakerfield.Rpc.Server.csproj", "{5F35A95E-390B-4942-9155-830A6D686748}"
EndProject
Project("{FAE04EC0-301F-11D3-BF4B-00C04F79EFBC}") = "Lakerfield.Rpc.Client", "src\Lakerfield.Rpc.Client\Lakerfield.Rpc.Client.csproj", "{CC0B4D92-EE6E-4255-B247-4B2AF483BDF5}"
EndProject
Project("{FAE04EC0-301F-11D3-BF4B-00C04F79EFBC}") = "Lakerfield.Rpc.PlaygroundApp", "src\Lakerfield.Rpc.PlaygroundApp\Lakerfield.Rpc.PlaygroundApp.csproj", "{09E0CD7E-F36E-4468-AA93-025AB975F144}"
EndProject
Global
	GlobalSection(SolutionConfigurationPlatforms) = preSolution
		Debug|Any CPU = Debug|Any CPU
		Release|Any CPU = Release|Any CPU
	EndGlobalSection
	GlobalSection(ProjectConfigurationPlatforms) = postSolution
		{C79F2FF1-BD8A-41BF-9CDB-FAFB69984B0B}.Debug|Any CPU.ActiveCfg = Debug|Any CPU
		{C79F2FF1-BD8A-41BF-9CDB-FAFB69984B0B}.Debug|Any CPU.Build.0 = Debug|Any CPU
		{C79F2FF1-BD8A-41BF-9CDB-FAFB69984B0B}.Release|Any CPU.ActiveCfg = Release|Any CPU
		{C79F2FF1-BD8A-41BF-9CDB-FAFB69984B0B}.Release|Any CPU.Build.0 = Release|Any CPU
		{F671B3B6-5009-4F8D-B516-C60CC17EC95D}.Debug|Any CPU.ActiveCfg = Debug|Any CPU
		{F671B3B6-5009-4F8D-B516-C60CC17EC95D}.Debug|Any CPU.Build.0 = Debug|Any CPU
		{F671B3B6-5009-4F8D-B516-C60CC17EC95D}.Release|Any CPU.ActiveCfg = Release|Any CPU
		{F671B3B6-5009-4F8D-B516-C60CC17EC95D}.Release|Any CPU.Build.0 = Release|Any CPU
		{5F35A95E-390B-4942-9155-830A6D686748}.Debug|Any CPU.ActiveCfg = Debug|Any CPU
		{5F35A95E-390B-4942-9155-830A6D686748}.Debug|Any CPU.Build.0 = Debug|Any CPU
		{5F35A95E-390B-4942-9155-830A6D686748}.Release|Any CPU.ActiveCfg = Release|Any CPU
		{5F35A95E-390B-4942-9155-830A6D686748}.Release|Any CPU.Build.0 = Release|Any CPU
		{CC0B4D92-EE6E-4255-B247-4B2AF483BDF5}.Debug|Any CPU.ActiveCfg = Debug|Any CPU
		{CC0B4D92-EE6E-4255-B247-4B2AF483BDF5}.Debug|Any CPU.Build.0 = Debug|Any CPU
		{CC0B4D92-EE6E-4255-B247-4B2AF483BDF5}.Release|Any CPU.ActiveCfg = Release|Any CPU
		{CC0B4D92-EE6E-4255-B247-4B2AF483BDF5}.Release|Any CPU.Build.0 = Release|Any CPU
		{09E0CD7E-F36E-4468-AA93-025AB975F144}.Debug|Any CPU.ActiveCfg = Debug|Any CPU
		{09E0CD7E-F36E-4468-AA93-025AB975F144}.Debug|Any CPU.Build.0 = Debug|Any CPU
		{09E0CD7E-F36E-4468-AA93-025AB975F144}.Release|Any CPU.ActiveCfg = Release|Any CPU
		{09E0CD7E-F36E-4468-AA93-025AB975F144}.Release|Any CPU.Build.0 = Release|Any CPU
	EndGlobalSection
	GlobalSection(SolutionProperties) = preSolution
		HideSolutionNode = FALSE
	EndGlobalSection
	GlobalSection(ExtensibilityGlobals) = postSolution
		SolutionGuid = {DA96563E-A0DF-4DE0-B505-7CE87EF7A25B}
	EndGlobalSection
EndGlobal
