
Microsoft Visual Studio Solution File, Format Version 12.00
# Visual Studio Version 17
VisualStudioVersion = 17.0.31903.59
MinimumVisualStudioVersion = 10.0.40219.1
Project("{FAE04EC0-301F-11D3-BF4B-00C04F79EFBC}") = "Lakerfield.Rpc", "src\Lakerfield.Rpc\Lakerfield.Rpc.csproj", "{C79F2FF1-BD8A-41BF-9CDB-FAFB69984B0B}"
EndProject
Project("{FAE04EC0-301F-11D3-BF4B-00C04F79EFBC}") = "Lakerfield.Rpc.SourceGenerator", "src\Lakerfield.Rpc.SourceGenerator\Lakerfield.Rpc.SourceGenerator.csproj", "{F671B3B6-5009-4F8D-B516-C60CC17EC95D}"
EndProject
Project("{FAE04EC0-301F-11D3-BF4B-00C04F79EFBC}") = "Lakerfield.Rpc.Server", "src\Lakerfield.Rpc.Server\Lakerfield.Rpc.Server.csproj", "{5F35A95E-390B-4942-9155-830A6D686748}"
EndProject
Project("{FAE04EC0-301F-11D3-BF4B-00C04F79EFBC}") = "Lakerfield.Rpc.Client", "src\Lakerfield.Rpc.Client\Lakerfield.Rpc.Client.csproj", "{CC0B4D92-EE6E-4255-B247-4B2AF483BDF5}"
EndProject
Project("{FAE04EC0-301F-11D3-BF4B-00C04F79EFBC}") = "Lakerfield.Rpc.PlaygroundApp", "src\Lakerfield.Rpc.PlaygroundApp\Lakerfield.Rpc.PlaygroundApp.csproj", "{09E0CD7E-F36E-4468-AA93-025AB975F144}"
EndProject
Project("{2150E333-8FDC-42A3-9474-1A3956D46DE8}") = "1 - Rpc", "1 - Rpc", "{383C4528-2CE6-4CA1-9702-2381EAD0BCA1}"
EndProject
Project("{2150E333-8FDC-42A3-9474-1A3956D46DE8}") = "8 - Playground", "8 - Playground", "{EAADC0D2-AE8B-441B-A83B-152C75794211}"
EndProject
Project("{2150E333-8FDC-42A3-9474-1A3956D46DE8}") = "9 - TestApps", "9 - TestApps", "{F7272B31-6435-4A6E-BD4C-707237DE5E3B}"
EndProject
Project("{2150E333-8FDC-42A3-9474-1A3956D46DE8}") = "2 - Generators", "2 - Generators", "{7C4C5517-2173-4707-8B90-640B38E8A328}"
EndProject
Project("{FAE04EC0-301F-11D3-BF4B-00C04F79EFBC}") = "Lakerfield.RpcTest", "src\Lakerfield.RpcTest\Lakerfield.RpcTest.csproj", "{CC5407C9-E959-4FC9-8B1F-59D9DB0CDF02}"
EndProject
Project("{FAE04EC0-301F-11D3-BF4B-00C04F79EFBC}") = "Lakerfield.RpcTest.ServerApp", "src\Lakerfield.RpcTest.ServerApp\Lakerfield.RpcTest.ServerApp.csproj", "{91FF9B24-3B90-45A6-A60A-B4200D6AE405}"
EndProject
Project("{FAE04EC0-301F-11D3-BF4B-00C04F79EFBC}") = "Lakerfield.RpcTest.ClientApp", "src\Lakerfield.RpcTest.ClientApp\Lakerfield.RpcTest.ClientApp.csproj", "{EBD4DCB8-DAFB-43CC-916C-378B8AB5DE91}"
EndProject
Project("{FAE04EC0-301F-11D3-BF4B-00C04F79EFBC}") = "MongoDB.Bson", "..\Lakerfield.Bson\src\MongoDB.Bson\MongoDB.Bson.csproj", "{36067469-A2F3-4FFC-AF9B-583646130CCC}"
EndProject
Global
	GlobalSection(SolutionConfigurationPlatforms) = preSolution
		Debug|Any CPU = Debug|Any CPU
		Release|Any CPU = Release|Any CPU
	EndGlobalSection
	GlobalSection(ProjectConfigurationPlatforms) = postSolution
		{C79F2FF1-BD8A-41BF-9CDB-FAFB69984B0B}.Debug|Any CPU.ActiveCfg = Debug|Any CPU
		{C79F2FF1-BD8A-41BF-9CDB-FAFB69984B0B}.Debug|Any CPU.Build.0 = Debug|Any CPU
		{C79F2FF1-BD8A-41BF-9CDB-FAFB69984B0B}.Release|Any CPU.ActiveCfg = Release|Any CPU
		{C79F2FF1-BD8A-41BF-9CDB-FAFB69984B0B}.Release|Any CPU.Build.0 = Release|Any CPU
		{F671B3B6-5009-4F8D-B516-C60CC17EC95D}.Debug|Any CPU.ActiveCfg = Debug|Any CPU
		{F671B3B6-5009-4F8D-B516-C60CC17EC95D}.Debug|Any CPU.Build.0 = Debug|Any CPU
		{F671B3B6-5009-4F8D-B516-C60CC17EC95D}.Release|Any CPU.ActiveCfg = Release|Any CPU
		{F671B3B6-5009-4F8D-B516-C60CC17EC95D}.Release|Any CPU.Build.0 = Release|Any CPU
		{5F35A95E-390B-4942-9155-830A6D686748}.Debug|Any CPU.ActiveCfg = Debug|Any CPU
		{5F35A95E-390B-4942-9155-830A6D686748}.Debug|Any CPU.Build.0 = Debug|Any CPU
		{5F35A95E-390B-4942-9155-830A6D686748}.Release|Any CPU.ActiveCfg = Release|Any CPU
		{5F35A95E-390B-4942-9155-830A6D686748}.Release|Any CPU.Build.0 = Release|Any CPU
		{CC0B4D92-EE6E-4255-B247-4B2AF483BDF5}.Debug|Any CPU.ActiveCfg = Debug|Any CPU
		{CC0B4D92-EE6E-4255-B247-4B2AF483BDF5}.Debug|Any CPU.Build.0 = Debug|Any CPU
		{CC0B4D92-EE6E-4255-B247-4B2AF483BDF5}.Release|Any CPU.ActiveCfg = Release|Any CPU
		{CC0B4D92-EE6E-4255-B247-4B2AF483BDF5}.Release|Any CPU.Build.0 = Release|Any CPU
		{09E0CD7E-F36E-4468-AA93-025AB975F144}.Debug|Any CPU.ActiveCfg = Debug|Any CPU
		{09E0CD7E-F36E-4468-AA93-025AB975F144}.Debug|Any CPU.Build.0 = Debug|Any CPU
		{09E0CD7E-F36E-4468-AA93-025AB975F144}.Release|Any CPU.ActiveCfg = Release|Any CPU
		{09E0CD7E-F36E-4468-AA93-025AB975F144}.Release|Any CPU.Build.0 = Release|Any CPU
		{CC5407C9-E959-4FC9-8B1F-59D9DB0CDF02}.Debug|Any CPU.ActiveCfg = Debug|Any CPU
		{CC5407C9-E959-4FC9-8B1F-59D9DB0CDF02}.Debug|Any CPU.Build.0 = Debug|Any CPU
		{CC5407C9-E959-4FC9-8B1F-59D9DB0CDF02}.Release|Any CPU.ActiveCfg = Release|Any CPU
		{CC5407C9-E959-4FC9-8B1F-59D9DB0CDF02}.Release|Any CPU.Build.0 = Release|Any CPU
		{91FF9B24-3B90-45A6-A60A-B4200D6AE405}.Debug|Any CPU.ActiveCfg = Debug|Any CPU
		{91FF9B24-3B90-45A6-A60A-B4200D6AE405}.Debug|Any CPU.Build.0 = Debug|Any CPU
		{91FF9B24-3B90-45A6-A60A-B4200D6AE405}.Release|Any CPU.ActiveCfg = Release|Any CPU
		{91FF9B24-3B90-45A6-A60A-B4200D6AE405}.Release|Any CPU.Build.0 = Release|Any CPU
		{EBD4DCB8-DAFB-43CC-916C-378B8AB5DE91}.Debug|Any CPU.ActiveCfg = Debug|Any CPU
		{EBD4DCB8-DAFB-43CC-916C-378B8AB5DE91}.Debug|Any CPU.Build.0 = Debug|Any CPU
		{EBD4DCB8-DAFB-43CC-916C-378B8AB5DE91}.Release|Any CPU.ActiveCfg = Release|Any CPU
		{EBD4DCB8-DAFB-43CC-916C-378B8AB5DE91}.Release|Any CPU.Build.0 = Release|Any CPU
		{36067469-A2F3-4FFC-AF9B-583646130CCC}.Debug|Any CPU.ActiveCfg = Debug|Any CPU
		{36067469-A2F3-4FFC-AF9B-583646130CCC}.Debug|Any CPU.Build.0 = Debug|Any CPU
		{36067469-A2F3-4FFC-AF9B-583646130CCC}.Release|Any CPU.ActiveCfg = Release|Any CPU
		{36067469-A2F3-4FFC-AF9B-583646130CCC}.Release|Any CPU.Build.0 = Release|Any CPU
	EndGlobalSection
	GlobalSection(SolutionProperties) = preSolution
		HideSolutionNode = FALSE
	EndGlobalSection
	GlobalSection(ExtensibilityGlobals) = postSolution
		SolutionGuid = {DA96563E-A0DF-4DE0-B505-7CE87EF7A25B}
	EndGlobalSection
	GlobalSection(NestedProjects) = preSolution
		{C79F2FF1-BD8A-41BF-9CDB-FAFB69984B0B} = {383C4528-2CE6-4CA1-9702-2381EAD0BCA1}
		{CC0B4D92-EE6E-4255-B247-4B2AF483BDF5} = {383C4528-2CE6-4CA1-9702-2381EAD0BCA1}
		{5F35A95E-390B-4942-9155-830A6D686748} = {383C4528-2CE6-4CA1-9702-2381EAD0BCA1}
		{09E0CD7E-F36E-4468-AA93-025AB975F144} = {EAADC0D2-AE8B-441B-A83B-152C75794211}
		{F671B3B6-5009-4F8D-B516-C60CC17EC95D} = {7C4C5517-2173-4707-8B90-640B38E8A328}
		{CC5407C9-E959-4FC9-8B1F-59D9DB0CDF02} = {F7272B31-6435-4A6E-BD4C-707237DE5E3B}
		{91FF9B24-3B90-45A6-A60A-B4200D6AE405} = {F7272B31-6435-4A6E-BD4C-707237DE5E3B}
		{EBD4DCB8-DAFB-43CC-916C-378B8AB5DE91} = {F7272B31-6435-4A6E-BD4C-707237DE5E3B}
	EndGlobalSection
EndGlobal
